
Microsoft Visual Studio Solution File, Format Version 12.00
# Visual Studio Version 16
VisualStudioVersion = 16.0.29709.97
MinimumVisualStudioVersion = 10.0.40219.1
Project("{FAE04EC0-301F-11D3-BF4B-00C04F79EFBC}") = "2doParcial", "2doParcial\2doParcial.csproj", "{3E326787-FDE2-42ED-800A-0B5766A3D5D8}"
EndProject
Global
	GlobalSection(SolutionConfigurationPlatforms) = preSolution
		Debug|Any CPU = Debug|Any CPU
		Release|Any CPU = Release|Any CPU
	EndGlobalSection
	GlobalSection(ProjectConfigurationPlatforms) = postSolution
		{3E326787-FDE2-42ED-800A-0B5766A3D5D8}.Debug|Any CPU.ActiveCfg = Debug|Any CPU
		{3E326787-FDE2-42ED-800A-0B5766A3D5D8}.Debug|Any CPU.Build.0 = Debug|Any CPU
		{3E326787-FDE2-42ED-800A-0B5766A3D5D8}.Release|Any CPU.ActiveCfg = Release|Any CPU
		{3E326787-FDE2-42ED-800A-0B5766A3D5D8}.Release|Any CPU.Build.0 = Release|Any CPU
	EndGlobalSection
	GlobalSection(SolutionProperties) = preSolution
		HideSolutionNode = FALSE
	EndGlobalSection
	GlobalSection(ExtensibilityGlobals) = postSolution
		SolutionGuid = {5EB257FE-6BE7-4E15-B5C0-E9735B53BC05}
	EndGlobalSection
EndGlobal
